
Microsoft Visual Studio Solution File, Format Version 12.00
# Visual Studio Version 17
VisualStudioVersion = 17.3.32825.248
MinimumVisualStudioVersion = 10.0.40219.1
Project("{FAE04EC0-301F-11D3-BF4B-00C04F79EFBC}") = "cuadernillo6", "cuadernillo6\cuadernillo6.csproj", "{303E8883-493A-46A0-929D-EDC873F514E9}"
EndProject
Global
	GlobalSection(SolutionConfigurationPlatforms) = preSolution
		Debug|Any CPU = Debug|Any CPU
		Release|Any CPU = Release|Any CPU
	EndGlobalSection
	GlobalSection(ProjectConfigurationPlatforms) = postSolution
		{303E8883-493A-46A0-929D-EDC873F514E9}.Debug|Any CPU.ActiveCfg = Debug|Any CPU
		{303E8883-493A-46A0-929D-EDC873F514E9}.Debug|Any CPU.Build.0 = Debug|Any CPU
		{303E8883-493A-46A0-929D-EDC873F514E9}.Release|Any CPU.ActiveCfg = Release|Any CPU
		{303E8883-493A-46A0-929D-EDC873F514E9}.Release|Any CPU.Build.0 = Release|Any CPU
	EndGlobalSection
	GlobalSection(SolutionProperties) = preSolution
		HideSolutionNode = FALSE
	EndGlobalSection
	GlobalSection(ExtensibilityGlobals) = postSolution
		SolutionGuid = {0211A93D-9D57-4F49-AE3D-9324488FD39C}
	EndGlobalSection
EndGlobal
